
Microsoft Visual Studio Solution File, Format Version 12.00
# Visual Studio Version 16
VisualStudioVersion = 16.0.31515.178
MinimumVisualStudioVersion = 10.0.40219.1
Project("{FAE04EC0-301F-11D3-BF4B-00C04F79EFBC}") = "Lessons", "Lessons\Lessons.csproj", "{3C0A0CCD-365D-4146-9DBC-BBAE5BD55820}"
EndProject
Project("{FAE04EC0-301F-11D3-BF4B-00C04F79EFBC}") = "MyProject", "MyProject\MyProject.csproj", "{FF4CD07A-183E-4F03-8C29-F2A7F2EFDC95}"
EndProject
Project("{FAE04EC0-301F-11D3-BF4B-00C04F79EFBC}") = "MyLibrary", "MyLibrary\MyLibrary.csproj", "{3EB8740B-AD4B-4E02-B887-2E86CB05C025}"
EndProject
Project("{FAE04EC0-301F-11D3-BF4B-00C04F79EFBC}") = "Ultimate Predictor", "Ultimate Predictor\Ultimate Predictor.csproj", "{4DF9CDA4-AE3D-4960-9FD6-8DB084CCF207}"
EndProject
Project("{FAE04EC0-301F-11D3-BF4B-00C04F79EFBC}") = "TodoApp", "TodoApp\TodoApp.csproj", "{4516ED28-18B8-4905-9563-1B777A9A022B}"
EndProject
Project("{9A19103F-16F7-4668-BE54-9A1E7A4F7556}") = "LessonsCore", "LessonsCore\LessonsCore.csproj", "{2284B8F9-EEF1-423E-87D5-D44DF2D35B65}"
EndProject
Project("{FAE04EC0-301F-11D3-BF4B-00C04F79EFBC}") = "ImageProcessingLesson", "ImageProcessingLesson\ImageProcessingLesson.csproj", "{8F95C00A-E3FB-4D05-B142-FA555A66B58B}"
EndProject
Project("{FAE04EC0-301F-11D3-BF4B-00C04F79EFBC}") = "Task40and42WF", "Task40WF\Task40and42WF.csproj", "{BA2637ED-2822-4CD2-8D6A-C3DA263B9FF3}"
EndProject
Project("{FAE04EC0-301F-11D3-BF4B-00C04F79EFBC}") = "GameOfLife", "GameOfLife\GameOfLife.csproj", "{5F8A5E66-589F-4843-BC66-925DCE171D6B}"
EndProject
Project("{FAE04EC0-301F-11D3-BF4B-00C04F79EFBC}") = "BenchmarkLesson45", "BenchmarkLesson45\BenchmarkLesson45.csproj", "{94D48F2A-7682-44A1-A900-67B7B06C4536}"
EndProject
Global
	GlobalSection(SolutionConfigurationPlatforms) = preSolution
		Debug|Any CPU = Debug|Any CPU
		Release|Any CPU = Release|Any CPU
	EndGlobalSection
	GlobalSection(ProjectConfigurationPlatforms) = postSolution
		{3C0A0CCD-365D-4146-9DBC-BBAE5BD55820}.Debug|Any CPU.ActiveCfg = Debug|Any CPU
		{3C0A0CCD-365D-4146-9DBC-BBAE5BD55820}.Debug|Any CPU.Build.0 = Debug|Any CPU
		{3C0A0CCD-365D-4146-9DBC-BBAE5BD55820}.Release|Any CPU.ActiveCfg = Release|Any CPU
		{3C0A0CCD-365D-4146-9DBC-BBAE5BD55820}.Release|Any CPU.Build.0 = Release|Any CPU
		{FF4CD07A-183E-4F03-8C29-F2A7F2EFDC95}.Debug|Any CPU.ActiveCfg = Debug|Any CPU
		{FF4CD07A-183E-4F03-8C29-F2A7F2EFDC95}.Debug|Any CPU.Build.0 = Debug|Any CPU
		{FF4CD07A-183E-4F03-8C29-F2A7F2EFDC95}.Release|Any CPU.ActiveCfg = Release|Any CPU
		{FF4CD07A-183E-4F03-8C29-F2A7F2EFDC95}.Release|Any CPU.Build.0 = Release|Any CPU
		{3EB8740B-AD4B-4E02-B887-2E86CB05C025}.Debug|Any CPU.ActiveCfg = Debug|Any CPU
		{3EB8740B-AD4B-4E02-B887-2E86CB05C025}.Debug|Any CPU.Build.0 = Debug|Any CPU
		{3EB8740B-AD4B-4E02-B887-2E86CB05C025}.Release|Any CPU.ActiveCfg = Release|Any CPU
		{3EB8740B-AD4B-4E02-B887-2E86CB05C025}.Release|Any CPU.Build.0 = Release|Any CPU
		{4DF9CDA4-AE3D-4960-9FD6-8DB084CCF207}.Debug|Any CPU.ActiveCfg = Debug|Any CPU
		{4DF9CDA4-AE3D-4960-9FD6-8DB084CCF207}.Debug|Any CPU.Build.0 = Debug|Any CPU
		{4DF9CDA4-AE3D-4960-9FD6-8DB084CCF207}.Release|Any CPU.ActiveCfg = Release|Any CPU
		{4DF9CDA4-AE3D-4960-9FD6-8DB084CCF207}.Release|Any CPU.Build.0 = Release|Any CPU
		{4516ED28-18B8-4905-9563-1B777A9A022B}.Debug|Any CPU.ActiveCfg = Debug|Any CPU
		{4516ED28-18B8-4905-9563-1B777A9A022B}.Debug|Any CPU.Build.0 = Debug|Any CPU
		{4516ED28-18B8-4905-9563-1B777A9A022B}.Release|Any CPU.ActiveCfg = Release|Any CPU
		{4516ED28-18B8-4905-9563-1B777A9A022B}.Release|Any CPU.Build.0 = Release|Any CPU
		{2284B8F9-EEF1-423E-87D5-D44DF2D35B65}.Debug|Any CPU.ActiveCfg = Debug|Any CPU
		{2284B8F9-EEF1-423E-87D5-D44DF2D35B65}.Debug|Any CPU.Build.0 = Debug|Any CPU
		{2284B8F9-EEF1-423E-87D5-D44DF2D35B65}.Release|Any CPU.ActiveCfg = Release|Any CPU
		{2284B8F9-EEF1-423E-87D5-D44DF2D35B65}.Release|Any CPU.Build.0 = Release|Any CPU
		{8F95C00A-E3FB-4D05-B142-FA555A66B58B}.Debug|Any CPU.ActiveCfg = Debug|Any CPU
		{8F95C00A-E3FB-4D05-B142-FA555A66B58B}.Debug|Any CPU.Build.0 = Debug|Any CPU
		{8F95C00A-E3FB-4D05-B142-FA555A66B58B}.Release|Any CPU.ActiveCfg = Release|Any CPU
		{8F95C00A-E3FB-4D05-B142-FA555A66B58B}.Release|Any CPU.Build.0 = Release|Any CPU
		{BA2637ED-2822-4CD2-8D6A-C3DA263B9FF3}.Debug|Any CPU.ActiveCfg = Debug|Any CPU
		{BA2637ED-2822-4CD2-8D6A-C3DA263B9FF3}.Debug|Any CPU.Build.0 = Debug|Any CPU
		{BA2637ED-2822-4CD2-8D6A-C3DA263B9FF3}.Release|Any CPU.ActiveCfg = Release|Any CPU
		{BA2637ED-2822-4CD2-8D6A-C3DA263B9FF3}.Release|Any CPU.Build.0 = Release|Any CPU
		{5F8A5E66-589F-4843-BC66-925DCE171D6B}.Debug|Any CPU.ActiveCfg = Debug|Any CPU
		{5F8A5E66-589F-4843-BC66-925DCE171D6B}.Debug|Any CPU.Build.0 = Debug|Any CPU
		{5F8A5E66-589F-4843-BC66-925DCE171D6B}.Release|Any CPU.ActiveCfg = Release|Any CPU
		{5F8A5E66-589F-4843-BC66-925DCE171D6B}.Release|Any CPU.Build.0 = Release|Any CPU
		{94D48F2A-7682-44A1-A900-67B7B06C4536}.Debug|Any CPU.ActiveCfg = Debug|Any CPU
		{94D48F2A-7682-44A1-A900-67B7B06C4536}.Debug|Any CPU.Build.0 = Debug|Any CPU
		{94D48F2A-7682-44A1-A900-67B7B06C4536}.Release|Any CPU.ActiveCfg = Release|Any CPU
		{94D48F2A-7682-44A1-A900-67B7B06C4536}.Release|Any CPU.Build.0 = Release|Any CPU
	EndGlobalSection
	GlobalSection(SolutionProperties) = preSolution
		HideSolutionNode = FALSE
	EndGlobalSection
	GlobalSection(ExtensibilityGlobals) = postSolution
		SolutionGuid = {EC35FD92-232F-49A4-A71D-9A5565E98EB1}
	EndGlobalSection
EndGlobal
